
Microsoft Visual Studio Solution File, Format Version 12.00
# Visual Studio Version 16
VisualStudioVersion = 16.0.31624.102
MinimumVisualStudioVersion = 10.0.40219.1
Project("{8BC9CEB8-8B4A-11D0-8D11-00A0C91BC942}") = "HelloWorld", "HelloWorld\HelloWorld.vcxproj", "{A39E266C-BB47-46FE-87C0-D319BEFC2F0F}"
EndProject
Project("{8BC9CEB8-8B4A-11D0-8D11-00A0C91BC942}") = "Lab_02", "Lab_02\Lab_02.vcxproj", "{D1117831-71F7-4AA9-9A94-468B2EEFBEB8}"
EndProject
Global
	GlobalSection(SolutionConfigurationPlatforms) = preSolution
		Debug|x64 = Debug|x64
		Debug|x86 = Debug|x86
		Release|x64 = Release|x64
		Release|x86 = Release|x86
	EndGlobalSection
	GlobalSection(ProjectConfigurationPlatforms) = postSolution
		{A39E266C-BB47-46FE-87C0-D319BEFC2F0F}.Debug|x64.ActiveCfg = Debug|x64
		{A39E266C-BB47-46FE-87C0-D319BEFC2F0F}.Debug|x64.Build.0 = Debug|x64
		{A39E266C-BB47-46FE-87C0-D319BEFC2F0F}.Debug|x86.ActiveCfg = Debug|Win32
		{A39E266C-BB47-46FE-87C0-D319BEFC2F0F}.Debug|x86.Build.0 = Debug|Win32
		{A39E266C-BB47-46FE-87C0-D319BEFC2F0F}.Release|x64.ActiveCfg = Release|x64
		{A39E266C-BB47-46FE-87C0-D319BEFC2F0F}.Release|x64.Build.0 = Release|x64
		{A39E266C-BB47-46FE-87C0-D319BEFC2F0F}.Release|x86.ActiveCfg = Release|Win32
		{A39E266C-BB47-46FE-87C0-D319BEFC2F0F}.Release|x86.Build.0 = Release|Win32
		{D1117831-71F7-4AA9-9A94-468B2EEFBEB8}.Debug|x64.ActiveCfg = Debug|x64
		{D1117831-71F7-4AA9-9A94-468B2EEFBEB8}.Debug|x64.Build.0 = Debug|x64
		{D1117831-71F7-4AA9-9A94-468B2EEFBEB8}.Debug|x86.ActiveCfg = Debug|Win32
		{D1117831-71F7-4AA9-9A94-468B2EEFBEB8}.Debug|x86.Build.0 = Debug|Win32
		{D1117831-71F7-4AA9-9A94-468B2EEFBEB8}.Release|x64.ActiveCfg = Release|x64
		{D1117831-71F7-4AA9-9A94-468B2EEFBEB8}.Release|x64.Build.0 = Release|x64
		{D1117831-71F7-4AA9-9A94-468B2EEFBEB8}.Release|x86.ActiveCfg = Release|Win32
		{D1117831-71F7-4AA9-9A94-468B2EEFBEB8}.Release|x86.Build.0 = Release|Win32
	EndGlobalSection
	GlobalSection(SolutionProperties) = preSolution
		HideSolutionNode = FALSE
	EndGlobalSection
	GlobalSection(ExtensibilityGlobals) = postSolution
		SolutionGuid = {68FB2CDE-8F2D-4AA4-8D21-F11F8110CB67}
	EndGlobalSection
EndGlobal
