
Microsoft Visual Studio Solution File, Format Version 12.00
# Visual Studio Version 16
VisualStudioVersion = 16.0.31321.278
MinimumVisualStudioVersion = 10.0.40219.1
Project("{8BC9CEB8-8B4A-11D0-8D11-00A0C91BC942}") = "лаба 8", "лаба 8.vcxproj", "{06993A04-2F27-43EF-9EA7-A7D5E2E3BAAB}"
EndProject
Global
	GlobalSection(SolutionConfigurationPlatforms) = preSolution
		Debug|x64 = Debug|x64
		Debug|x86 = Debug|x86
		Release|x64 = Release|x64
		Release|x86 = Release|x86
	EndGlobalSection
	GlobalSection(ProjectConfigurationPlatforms) = postSolution
		{06993A04-2F27-43EF-9EA7-A7D5E2E3BAAB}.Debug|x64.ActiveCfg = Debug|x64
		{06993A04-2F27-43EF-9EA7-A7D5E2E3BAAB}.Debug|x64.Build.0 = Debug|x64
		{06993A04-2F27-43EF-9EA7-A7D5E2E3BAAB}.Debug|x86.ActiveCfg = Debug|Win32
		{06993A04-2F27-43EF-9EA7-A7D5E2E3BAAB}.Debug|x86.Build.0 = Debug|Win32
		{06993A04-2F27-43EF-9EA7-A7D5E2E3BAAB}.Release|x64.ActiveCfg = Release|x64
		{06993A04-2F27-43EF-9EA7-A7D5E2E3BAAB}.Release|x64.Build.0 = Release|x64
		{06993A04-2F27-43EF-9EA7-A7D5E2E3BAAB}.Release|x86.ActiveCfg = Release|Win32
		{06993A04-2F27-43EF-9EA7-A7D5E2E3BAAB}.Release|x86.Build.0 = Release|Win32
	EndGlobalSection
	GlobalSection(SolutionProperties) = preSolution
		HideSolutionNode = FALSE
	EndGlobalSection
	GlobalSection(ExtensibilityGlobals) = postSolution
		SolutionGuid = {4AF1A7BF-D834-4FCA-8020-7C6783226056}
	EndGlobalSection
EndGlobal
